
Microsoft Visual Studio Solution File, Format Version 12.00
# Visual Studio 15
VisualStudioVersion = 15.0.27703.2035
MinimumVisualStudioVersion = 10.0.40219.1
Project("{8BC9CEB8-8B4A-11D0-8D11-00A0C91BC942}") = "ageprogram", "ageprogram\ageprogram.vcxproj", "{46AD6F32-77F8-4012-B675-665F034CA2CB}"
EndProject
Global
	GlobalSection(SolutionConfigurationPlatforms) = preSolution
		Debug|x64 = Debug|x64
		Debug|x86 = Debug|x86
		Release|x64 = Release|x64
		Release|x86 = Release|x86
	EndGlobalSection
	GlobalSection(ProjectConfigurationPlatforms) = postSolution
		{46AD6F32-77F8-4012-B675-665F034CA2CB}.Debug|x64.ActiveCfg = Debug|x64
		{46AD6F32-77F8-4012-B675-665F034CA2CB}.Debug|x64.Build.0 = Debug|x64
		{46AD6F32-77F8-4012-B675-665F034CA2CB}.Debug|x86.ActiveCfg = Debug|Win32
		{46AD6F32-77F8-4012-B675-665F034CA2CB}.Debug|x86.Build.0 = Debug|Win32
		{46AD6F32-77F8-4012-B675-665F034CA2CB}.Release|x64.ActiveCfg = Release|x64
		{46AD6F32-77F8-4012-B675-665F034CA2CB}.Release|x64.Build.0 = Release|x64
		{46AD6F32-77F8-4012-B675-665F034CA2CB}.Release|x86.ActiveCfg = Release|Win32
		{46AD6F32-77F8-4012-B675-665F034CA2CB}.Release|x86.Build.0 = Release|Win32
	EndGlobalSection
	GlobalSection(SolutionProperties) = preSolution
		HideSolutionNode = FALSE
	EndGlobalSection
	GlobalSection(ExtensibilityGlobals) = postSolution
		SolutionGuid = {630C71FC-EF58-4A50-BDBB-1379B0C1C55D}
	EndGlobalSection
EndGlobal
